{
    "name": "denository",
    "version": "0.0.1",
    "lockfileVersion": 3,
    "requires": true,
    "packages": {
        "": {
            "name": "denository",
            "version": "0.0.1",
            "workspaces": [
                "@vkno/*"
            ],
            "dependencies": {
                "@vkno/errantly": "*",
                "@vkno/fsext": "*",
                "@vkno/typed": "*"
            },
            "devDependencies": {
                "@types/node": "^20.3.3",
                "typescript": "^5.1.6"
            }
        },
        "@vkno/errantly": {
            "version": "0.0.1",
            "dependencies": {
                "@vkno/typed": "^0.0.1"
            },
            "devDependencies": {
                "@types/node": "^20.3.3",
                "typescript": "^5.1.6"
            }
        },
        "@vkno/fsext": {
            "version": "0.0.1",
            "dependencies": {
                "@vkno/typed": "^0.0.1"
            },
            "devDependencies": {
                "@types/node": "^20.3.3",
                "typescript": "^5.1.6"
            }
        },
        "@vkno/typed": {
            "version": "0.0.1",
            "dependencies": {
                "@vkno/errantly": "^0.0.1"
            },
            "devDependencies": {
                "@types/node": "^20.3.3",
                "typescript": "^5.1.6"
            }
        },
        "node_modules/@types/node": {
            "version": "20.3.3",
            "resolved": "https://registry.npmjs.org/@types/node/-/node-20.3.3.tgz",
            "integrity": "sha512-wheIYdr4NYML61AjC8MKj/2jrR/kDQri/CIpVoZwldwhnIrD/j9jIU5bJ8yBKuB2VhpFV7Ab6G2XkBjv9r9Zzw==",
            "dev": true
        },
        "node_modules/@vkno/errantly": {
            "resolved": "@vkno/errantly",
            "link": true
        },
        "node_modules/@vkno/fsext": {
            "resolved": "@vkno/fsext",
            "link": true
        },
        "node_modules/@vkno/typed": {
            "resolved": "@vkno/typed",
            "link": true
        },
        "node_modules/typescript": {
            "version": "5.1.6",
            "resolved": "https://registry.npmjs.org/typescript/-/typescript-5.1.6.tgz",
            "integrity": "sha512-zaWCozRZ6DLEWAWFrVDz1H6FVXzUSfTy5FUMWsQlU8Ym5JP9eO4xkTIROFCQvhQf61z6O/G6ugw3SgAnvvm+HA==",
            "dev": true,
            "bin": {
                "tsc": "bin/tsc",
                "tsserver": "bin/tsserver"
            },
            "engines": {
                "node": ">=14.17"
            }
        }
    }
}
